
Microsoft Visual Studio Solution File, Format Version 12.00
# Visual Studio Version 17
VisualStudioVersion = 17.4.33122.133
MinimumVisualStudioVersion = 10.0.40219.1
Project("{FAE04EC0-301F-11D3-BF4B-00C04F79EFBC}") = "ScaleFinder", "ScaleFinder\ScaleFinder.csproj", "{40091681-ADFD-4DED-986E-23F205E8C3EE}"
EndProject
Global
	GlobalSection(SolutionConfigurationPlatforms) = preSolution
		Debug|Any CPU = Debug|Any CPU
		Release|Any CPU = Release|Any CPU
	EndGlobalSection
	GlobalSection(ProjectConfigurationPlatforms) = postSolution
		{40091681-ADFD-4DED-986E-23F205E8C3EE}.Debug|Any CPU.ActiveCfg = Debug|Any CPU
		{40091681-ADFD-4DED-986E-23F205E8C3EE}.Debug|Any CPU.Build.0 = Debug|Any CPU
		{40091681-ADFD-4DED-986E-23F205E8C3EE}.Release|Any CPU.ActiveCfg = Release|Any CPU
		{40091681-ADFD-4DED-986E-23F205E8C3EE}.Release|Any CPU.Build.0 = Release|Any CPU
	EndGlobalSection
	GlobalSection(SolutionProperties) = preSolution
		HideSolutionNode = FALSE
	EndGlobalSection
	GlobalSection(ExtensibilityGlobals) = postSolution
		SolutionGuid = {1D0E953D-6B37-4B50-B717-29C0EB588E6A}
	EndGlobalSection
EndGlobal
